
Microsoft Visual Studio Solution File, Format Version 12.00
Project("{FAE04EC0-301F-11D3-BF4B-00C04F79EFBC}") = "day07", "day07\day07.csproj", "{E44C371F-302B-4AF0-8F86-B491FC70E218}"
EndProject
Project("{FAE04EC0-301F-11D3-BF4B-00C04F79EFBC}") = "Tests", "Tests\Tests.csproj", "{6A7BCCD2-ED92-4480-B8BD-7273ADE9A812}"
EndProject
Global
	GlobalSection(SolutionConfigurationPlatforms) = preSolution
		Debug|Any CPU = Debug|Any CPU
		Release|Any CPU = Release|Any CPU
	EndGlobalSection
	GlobalSection(ProjectConfigurationPlatforms) = postSolution
		{E44C371F-302B-4AF0-8F86-B491FC70E218}.Debug|Any CPU.ActiveCfg = Debug|Any CPU
		{E44C371F-302B-4AF0-8F86-B491FC70E218}.Debug|Any CPU.Build.0 = Debug|Any CPU
		{E44C371F-302B-4AF0-8F86-B491FC70E218}.Release|Any CPU.ActiveCfg = Release|Any CPU
		{E44C371F-302B-4AF0-8F86-B491FC70E218}.Release|Any CPU.Build.0 = Release|Any CPU
		{6A7BCCD2-ED92-4480-B8BD-7273ADE9A812}.Debug|Any CPU.ActiveCfg = Debug|Any CPU
		{6A7BCCD2-ED92-4480-B8BD-7273ADE9A812}.Debug|Any CPU.Build.0 = Debug|Any CPU
		{6A7BCCD2-ED92-4480-B8BD-7273ADE9A812}.Release|Any CPU.ActiveCfg = Release|Any CPU
		{6A7BCCD2-ED92-4480-B8BD-7273ADE9A812}.Release|Any CPU.Build.0 = Release|Any CPU
	EndGlobalSection
EndGlobal
